{
  "nodes": {
    "flake-utils": {
      "locked": {
        "lastModified": 1638122382,
        "narHash": "sha256-sQzZzAbvKEqN9s0bzWuYmRaA03v40gaJ4+iL1LXjaeI=",
        "owner": "numtide",
        "repo": "flake-utils",
        "rev": "74f7e4319258e287b0f9cb95426c9853b282730b",
        "type": "github"
      },
      "original": {
        "owner": "numtide",
        "repo": "flake-utils",
        "type": "github"
      }
    },
    "flake-utils-plus": {
      "inputs": {
        "flake-utils": [
          "nur-xddxdd",
          "flake-utils"
        ]
      },
      "locked": {
        "lastModified": 1657226504,
        "narHash": "sha256-GIYNjuq4mJlFgqKsZ+YrgzWm0IpA4axA3MCrdKYj7gs=",
        "owner": "gytis-ivaskevicius",
        "repo": "flake-utils-plus",
        "rev": "2bf0f91643c2e5ae38c1b26893ac2927ac9bd82a",
        "type": "github"
      },
      "original": {
        "owner": "gytis-ivaskevicius",
        "repo": "flake-utils-plus",
        "type": "github"
      }
    },
    "flake-utils_2": {
      "locked": {
        "lastModified": 1678901627,
        "narHash": "sha256-U02riOqrKKzwjsxc/400XnElV+UtPUQWpANPlyazjH0=",
        "owner": "numtide",
        "repo": "flake-utils",
        "rev": "93a2b84fc4b70d9e089d029deacc3583435c2ed6",
        "type": "github"
      },
      "original": {
        "owner": "numtide",
        "repo": "flake-utils",
        "type": "github"
      }
    },
    "nixos-cn": {
      "inputs": {
        "flake-utils": "flake-utils",
        "nixpkgs": [
          "nixpkgs-stable"
        ]
      },
      "locked": {
        "lastModified": 1680485243,
        "narHash": "sha256-DyPq1Nn8f1TwBXqJBD4iicrv97ALg2IHW9YSw91oDhU=",
        "owner": "nixos-cn",
        "repo": "flakes",
        "rev": "c2fd9273eadae18fecc2047180329fb05d739cf3",
        "type": "github"
      },
      "original": {
        "owner": "nixos-cn",
        "repo": "flakes",
        "type": "github"
      }
    },
    "nixpkgs": {
      "locked": {
        "lastModified": 1680213900,
        "narHash": "sha256-cIDr5WZIj3EkKyCgj/6j3HBH4Jj1W296z7HTcWj1aMA=",
        "owner": "nixos",
        "repo": "nixpkgs",
        "rev": "e3652e0735fbec227f342712f180f4f21f0594f2",
        "type": "github"
      },
      "original": {
        "owner": "nixos",
        "ref": "nixos-unstable",
        "repo": "nixpkgs",
        "type": "github"
      }
    },
    "nixpkgs-stable": {
      "locked": {
        "lastModified": 1680334310,
        "narHash": "sha256-ISWz16oGxBhF7wqAxefMPwFag6SlsA9up8muV79V9ck=",
        "owner": "nixos",
        "repo": "nixpkgs",
        "rev": "884e3b68be02ff9d61a042bc9bd9dd2a358f95da",
        "type": "github"
      },
      "original": {
        "owner": "nixos",
        "ref": "nixos-22.11",
        "repo": "nixpkgs",
        "type": "github"
      }
    },
    "nur": {
      "locked": {
        "lastModified": 1680505766,
        "narHash": "sha256-5E6ZFt13gJnKIZChTSMnKU1nKjuzyaQ7s1jUgVl85hs=",
        "owner": "nix-community",
        "repo": "NUR",
        "rev": "f9584e3b5d8ea46f9b25631cbab588b14b7e0be0",
        "type": "github"
      },
      "original": {
        "owner": "nix-community",
        "repo": "NUR",
        "type": "github"
      }
    },
    "nur-xddxdd": {
      "inputs": {
        "flake-utils": "flake-utils_2",
        "flake-utils-plus": "flake-utils-plus",
        "nixpkgs": [
          "nixpkgs-stable"
        ]
      },
      "locked": {
        "lastModified": 1680504755,
        "narHash": "sha256-tDOIL7DWfxLUCCZawVbszzROGqzOYBYpP0XbPdVKNp8=",
        "owner": "xddxdd",
        "repo": "nur-packages",
        "rev": "d24e41633775d7aa68a95c36a74905a324bd524f",
        "type": "github"
      },
      "original": {
        "owner": "xddxdd",
        "repo": "nur-packages",
        "type": "github"
      }
    },
    "root": {
      "inputs": {
        "nixos-cn": "nixos-cn",
        "nixpkgs": "nixpkgs",
        "nixpkgs-stable": "nixpkgs-stable",
        "nur": "nur",
        "nur-xddxdd": "nur-xddxdd"
      }
    }
  },
  "root": "root",
  "version": 7
}
